
Microsoft Visual Studio Solution File, Format Version 12.00
# Visual Studio Version 16
VisualStudioVersion = 16.0.30621.155
MinimumVisualStudioVersion = 10.0.40219.1
Project("{FAE04EC0-301F-11D3-BF4B-00C04F79EFBC}") = "Arraysorting", "Arraysorting\Arraysorting.csproj", "{EBB3AAB9-B053-4E78-BEE7-736CD3ACB010}"
EndProject
Global
	GlobalSection(SolutionConfigurationPlatforms) = preSolution
		Debug|Any CPU = Debug|Any CPU
		Release|Any CPU = Release|Any CPU
	EndGlobalSection
	GlobalSection(ProjectConfigurationPlatforms) = postSolution
		{EBB3AAB9-B053-4E78-BEE7-736CD3ACB010}.Debug|Any CPU.ActiveCfg = Debug|Any CPU
		{EBB3AAB9-B053-4E78-BEE7-736CD3ACB010}.Debug|Any CPU.Build.0 = Debug|Any CPU
		{EBB3AAB9-B053-4E78-BEE7-736CD3ACB010}.Release|Any CPU.ActiveCfg = Release|Any CPU
		{EBB3AAB9-B053-4E78-BEE7-736CD3ACB010}.Release|Any CPU.Build.0 = Release|Any CPU
	EndGlobalSection
	GlobalSection(SolutionProperties) = preSolution
		HideSolutionNode = FALSE
	EndGlobalSection
	GlobalSection(ExtensibilityGlobals) = postSolution
		SolutionGuid = {DCA83771-6912-4CB4-AA1B-71EC9B307600}
	EndGlobalSection
EndGlobal
